
Microsoft Visual Studio Solution File, Format Version 12.00
# Visual Studio Version 17
VisualStudioVersion = 17.7.34221.43
MinimumVisualStudioVersion = 10.0.40219.1
Project("{FAE04EC0-301F-11D3-BF4B-00C04F79EFBC}") = "Sharplist", "Sharplist.csproj", "{E18788FC-A1C9-47B7-BEB1-F289F197610A}"
EndProject
Global
	GlobalSection(SolutionConfigurationPlatforms) = preSolution
		Debug|Any CPU = Debug|Any CPU
		Release|Any CPU = Release|Any CPU
	EndGlobalSection
	GlobalSection(ProjectConfigurationPlatforms) = postSolution
		{E18788FC-A1C9-47B7-BEB1-F289F197610A}.Debug|Any CPU.ActiveCfg = Debug|Any CPU
		{E18788FC-A1C9-47B7-BEB1-F289F197610A}.Debug|Any CPU.Build.0 = Debug|Any CPU
		{E18788FC-A1C9-47B7-BEB1-F289F197610A}.Release|Any CPU.ActiveCfg = Release|Any CPU
		{E18788FC-A1C9-47B7-BEB1-F289F197610A}.Release|Any CPU.Build.0 = Release|Any CPU
	EndGlobalSection
	GlobalSection(SolutionProperties) = preSolution
		HideSolutionNode = FALSE
	EndGlobalSection
	GlobalSection(ExtensibilityGlobals) = postSolution
		SolutionGuid = {E6C1C7A6-1B5F-4823-9263-B7C68E5E9175}
	EndGlobalSection
EndGlobal
